{
  "version": 4,
  "terraform_version": "0.12.5",
  "serial": 9,
  "lineage": "82d81482-c219-424f-ef90-2dc4e5273254",
  "outputs": {},
  "resources": [
    {
      "module": "module.vpc",
      "mode": "managed",
      "type": "google_compute_firewall",
      "name": "firewall",
      "provider": "provider.google",
      "instances": [
        {
          "schema_version": 1,
          "attributes": {
            "allow": [
              {
                "ports": [
                  "22"
                ],
                "protocol": "tcp"
              },
              {
                "ports": [],
                "protocol": "icmp"
              }
            ],
            "creation_timestamp": "2019-08-09T19:05:48.387-07:00",
            "deny": [],
            "description": "",
            "destination_ranges": [],
            "direction": "INGRESS",
            "disabled": false,
            "id": "dev-firewall",
            "name": "dev-firewall",
            "network": "https://www.googleapis.com/compute/v1/projects/mynewproject-247215/global/networks/dev-vpc",
            "priority": 1000,
            "project": "mynewproject-247215",
            "self_link": "https://www.googleapis.com/compute/v1/projects/mynewproject-247215/global/firewalls/dev-firewall",
            "source_ranges": [
              "10.26.1.0/24",
              "10.26.2.0/24"
            ],
            "source_service_accounts": null,
            "source_tags": null,
            "target_service_accounts": null,
            "target_tags": null,
            "timeouts": null
          },
          "private": "eyJlMmJmYjczMC1lY2FhLTExZTYtOGY4OC0zNDM2M2JjN2M0YzAiOnsiY3JlYXRlIjoyNDAwMDAwMDAwMDAsImRlbGV0ZSI6MjQwMDAwMDAwMDAwLCJ1cGRhdGUiOjI0MDAwMDAwMDAwMH0sInNjaGVtYV92ZXJzaW9uIjoiMSJ9",
          "depends_on": [
            "google_compute_network.vpc"
          ]
        }
      ]
    },
    {
      "module": "module.central1",
      "mode": "managed",
      "type": "google_compute_instance_group_manager",
      "name": "instance_group_manager",
      "provider": "provider.google",
      "instances": [
        {
          "schema_version": 0,
          "attributes": {
            "auto_healing_policies": [],
            "base_instance_name": "centos7demoinstance",
            "description": "",
            "fingerprint": "MTN5ZbvGciE=",
            "id": "mynewproject-247215/us-central1-b/centos7instancegroup",
            "instance_group": "https://www.googleapis.com/compute/v1/projects/mynewproject-247215/zones/us-central1-b/instanceGroups/centos7instancegroup",
            "instance_template": "https://www.googleapis.com/compute/v1/projects/mynewproject-247215/global/instanceTemplates/centos7demotemplate",
            "name": "centos7instancegroup",
            "named_port": [],
            "project": "mynewproject-247215",
            "rolling_update_policy": [],
            "self_link": "https://www.googleapis.com/compute/v1/projects/mynewproject-247215/zones/us-central1-b/instanceGroupManagers/centos7instancegroup",
            "target_pools": [],
            "target_size": 2,
            "timeouts": null,
            "update_strategy": "REPLACE",
            "version": [],
            "wait_for_instances": false,
            "zone": "us-central1-b"
          },
          "private": "eyJlMmJmYjczMC1lY2FhLTExZTYtOGY4OC0zNDM2M2JjN2M0YzAiOnsiY3JlYXRlIjozMDAwMDAwMDAwMDAsImRlbGV0ZSI6OTAwMDAwMDAwMDAwLCJ1cGRhdGUiOjMwMDAwMDAwMDAwMH19",
          "depends_on": [
            "google_compute_instance_template.default"
          ]
        }
      ]
    },
    {
      "module": "module.central1",
      "mode": "managed",
      "type": "google_compute_instance_template",
      "name": "default",
      "provider": "provider.google",
      "instances": [
        {
          "schema_version": 1,
          "attributes": {
            "automatic_restart": null,
            "can_ip_forward": false,
            "description": "This template is used to create nginx instances.",
            "disk": [
              {
                "auto_delete": true,
                "boot": true,
                "device_name": "persistent-disk-0",
                "disk_encryption_key": [],
                "disk_name": "",
                "disk_size_gb": 0,
                "disk_type": "pd-standard",
                "interface": "SCSI",
                "labels": {},
                "mode": "READ_WRITE",
                "source": "",
                "source_image": "projects/mynewproject-247215/global/images/centos7demo",
                "type": "PERSISTENT"
              }
            ],
            "guest_accelerator": [],
            "id": "centos7demotemplate",
            "instance_description": "description assigned to instances",
            "labels": {
              "environment": "dev"
            },
            "machine_type": "n1-standard-1",
            "metadata": {
              "Name": "Test"
            },
            "metadata_fingerprint": "7KVVxgoS05c=",
            "metadata_startup_script": null,
            "min_cpu_platform": "",
            "name": "centos7demotemplate",
            "name_prefix": null,
            "network_interface": [
              {
                "access_config": [
                  {
                    "assigned_nat_ip": "",
                    "nat_ip": "",
                    "network_tier": "PREMIUM"
                  }
                ],
                "address": "",
                "alias_ip_range": [],
                "network": "https://www.googleapis.com/compute/v1/projects/mynewproject-247215/global/networks/default",
                "network_ip": "",
                "subnetwork": "https://www.googleapis.com/compute/v1/projects/mynewproject-247215/regions/us-central1/subnetworks/dev-us-central1-pub-net",
                "subnetwork_project": "mynewproject-247215"
              }
            ],
            "on_host_maintenance": null,
            "project": "mynewproject-247215",
            "region": "us-central1",
            "scheduling": [
              {
                "automatic_restart": true,
                "node_affinities": [],
                "on_host_maintenance": "MIGRATE",
                "preemptible": false
              }
            ],
            "self_link": "https://www.googleapis.com/compute/beta/projects/mynewproject-247215/global/instanceTemplates/centos7demotemplate",
            "service_account": [
              {
                "email": "default",
                "scopes": []
              }
            ],
            "shielded_instance_config": [],
            "tags": [],
            "tags_fingerprint": ""
          },
          "private": "eyJzY2hlbWFfdmVyc2lvbiI6IjEifQ==",
          "depends_on": [
            "google_compute_subnetwork.public_subnet"
          ]
        }
      ]
    },
    {
      "module": "module.vpc",
      "mode": "managed",
      "type": "google_compute_network",
      "name": "vpc",
      "provider": "provider.google",
      "instances": [
        {
          "schema_version": 0,
          "attributes": {
            "auto_create_subnetworks": false,
            "delete_default_routes_on_create": false,
            "description": "",
            "gateway_ipv4": "",
            "id": "dev-vpc",
            "ipv4_range": "",
            "name": "dev-vpc",
            "project": "mynewproject-247215",
            "routing_mode": "GLOBAL",
            "self_link": "https://www.googleapis.com/compute/v1/projects/mynewproject-247215/global/networks/dev-vpc",
            "timeouts": null
          },
          "private": "eyJlMmJmYjczMC1lY2FhLTExZTYtOGY4OC0zNDM2M2JjN2M0YzAiOnsiY3JlYXRlIjoyNDAwMDAwMDAwMDAsImRlbGV0ZSI6MjQwMDAwMDAwMDAwLCJ1cGRhdGUiOjI0MDAwMDAwMDAwMH19"
        }
      ]
    },
    {
      "module": "module.central1",
      "mode": "managed",
      "type": "google_compute_subnetwork",
      "name": "private_subnet",
      "provider": "provider.google",
      "instances": [
        {
          "schema_version": 0,
          "attributes": {
            "creation_timestamp": "2019-08-09T19:02:28.922-07:00",
            "description": "",
            "enable_flow_logs": false,
            "fingerprint": "SWOPpSGpyjQ=",
            "gateway_address": "10.26.1.1",
            "id": "us-central1/dev-us-central1-pri-net",
            "ip_cidr_range": "10.26.1.0/24",
            "name": "dev-us-central1-pri-net",
            "network": "https://www.googleapis.com/compute/v1/projects/mynewproject-247215/global/networks/default",
            "private_ip_google_access": false,
            "project": "mynewproject-247215",
            "region": "us-central1",
            "secondary_ip_range": [],
            "self_link": "https://www.googleapis.com/compute/v1/projects/mynewproject-247215/regions/us-central1/subnetworks/dev-us-central1-pri-net",
            "timeouts": null
          },
          "private": "eyJlMmJmYjczMC1lY2FhLTExZTYtOGY4OC0zNDM2M2JjN2M0YzAiOnsiY3JlYXRlIjozNjAwMDAwMDAwMDAsImRlbGV0ZSI6MzYwMDAwMDAwMDAwLCJ1cGRhdGUiOjM2MDAwMDAwMDAwMH19"
        }
      ]
    },
    {
      "module": "module.central1",
      "mode": "managed",
      "type": "google_compute_subnetwork",
      "name": "public_subnet",
      "provider": "provider.google",
      "instances": [
        {
          "schema_version": 0,
          "attributes": {
            "creation_timestamp": "2019-08-09T19:02:29.396-07:00",
            "description": "",
            "enable_flow_logs": false,
            "fingerprint": "a3Bi9b7z-TU=",
            "gateway_address": "10.26.2.1",
            "id": "us-central1/dev-us-central1-pub-net",
            "ip_cidr_range": "10.26.2.0/24",
            "name": "dev-us-central1-pub-net",
            "network": "https://www.googleapis.com/compute/v1/projects/mynewproject-247215/global/networks/default",
            "private_ip_google_access": false,
            "project": "mynewproject-247215",
            "region": "us-central1",
            "secondary_ip_range": [],
            "self_link": "https://www.googleapis.com/compute/v1/projects/mynewproject-247215/regions/us-central1/subnetworks/dev-us-central1-pub-net",
            "timeouts": null
          },
          "private": "eyJlMmJmYjczMC1lY2FhLTExZTYtOGY4OC0zNDM2M2JjN2M0YzAiOnsiY3JlYXRlIjozNjAwMDAwMDAwMDAsImRlbGV0ZSI6MzYwMDAwMDAwMDAwLCJ1cGRhdGUiOjM2MDAwMDAwMDAwMH19"
        }
      ]
    },
    {
      "module": "module.vpc",
      "mode": "managed",
      "type": "google_compute_subnetwork",
      "name": "subnet",
      "provider": "provider.google",
      "instances": [
        {
          "schema_version": 0,
          "attributes": {
            "creation_timestamp": "2019-08-09T19:05:48.397-07:00",
            "description": "",
            "enable_flow_logs": false,
            "fingerprint": "3nBUFXA0eI0=",
            "gateway_address": "10.10.0.1",
            "id": "us-central1/dev-subnet",
            "ip_cidr_range": "10.10.0.0/24",
            "name": "dev-subnet",
            "network": "https://www.googleapis.com/compute/v1/projects/mynewproject-247215/global/networks/dev-vpc",
            "private_ip_google_access": false,
            "project": "mynewproject-247215",
            "region": "us-central1",
            "secondary_ip_range": [],
            "self_link": "https://www.googleapis.com/compute/v1/projects/mynewproject-247215/regions/us-central1/subnetworks/dev-subnet",
            "timeouts": null
          },
          "private": "eyJlMmJmYjczMC1lY2FhLTExZTYtOGY4OC0zNDM2M2JjN2M0YzAiOnsiY3JlYXRlIjozNjAwMDAwMDAwMDAsImRlbGV0ZSI6MzYwMDAwMDAwMDAwLCJ1cGRhdGUiOjM2MDAwMDAwMDAwMH19",
          "depends_on": [
            "google_compute_network.vpc"
          ]
        }
      ]
    }
  ]
}
